{
  "requires": true,
  "lockfileVersion": 1,
  "dependencies": {
    "@nestjs/mapped-types": {
      "version": "1.0.0",
      "resolved": "https://registry.npmjs.org/@nestjs/mapped-types/-/mapped-types-1.0.0.tgz",
      "integrity": "sha512-26AW5jHadLXtvHs+M+Agd9KZ92dDlBrmD0rORlBlvn2KvsWs4JRaKl2mUsrW7YsdZeAu3Hc4ukqyYyDdyCmMWQ=="
    },
    "@nestjs/passport": {
      "version": "8.0.0",
      "resolved": "https://registry.npmjs.org/@nestjs/passport/-/passport-8.0.0.tgz",
      "integrity": "sha512-pIuOA+dEgOW0hg/qVV9uegitUHN1dKY8nEZhOtwj9FErJfCVZpQce8OH06n7yngqGTzvkkjjr/TzfuA1o8/A5A=="
    }
  }
}
