{
  "requires": true,
  "lockfileVersion": 1,
  "dependencies": {
    "ngx-cookie": {
      "version": "5.0.2",
      "resolved": "https://registry.npmjs.org/ngx-cookie/-/ngx-cookie-5.0.2.tgz",
      "integrity": "sha512-auivWhAhC5bW1HssvtQild1TREHWb1JtcKO0e+VGe9T7LHrfi5w2qcP8C58ly64PT+brZHQBvT1Azb7a6goHZA==",
      "requires": {
        "tslib": "^2.0.0"
      }
    },
    "tslib": {
      "version": "2.3.1",
      "resolved": "https://registry.npmjs.org/tslib/-/tslib-2.3.1.tgz",
      "integrity": "sha512-77EbyPPpMz+FRFRuAFlWMtmgUWGe9UOG2Z25NqCwiIjRhOf5iKGuzSe5P2w1laq+FkRy4p+PCuVkJSGkzTEKVw=="
    }
  }
}
